
Microsoft Visual Studio Solution File, Format Version 12.00
# Visual Studio Version 17
VisualStudioVersion = 17.14.36915.13 d17.14
MinimumVisualStudioVersion = 10.0.40219.1
Project("{FAE04EC0-301F-11D3-BF4B-00C04F79EFBC}") = "Weather", "Weather.csproj", "{2B1E27CE-3722-4E7E-BD32-383AA51410B0}"
EndProject
Global
	GlobalSection(SolutionConfigurationPlatforms) = preSolution
		Debug|Any CPU = Debug|Any CPU
		Release|Any CPU = Release|Any CPU
	EndGlobalSection
	GlobalSection(ProjectConfigurationPlatforms) = postSolution
		{2B1E27CE-3722-4E7E-BD32-383AA51410B0}.Debug|Any CPU.ActiveCfg = Debug|Any CPU
		{2B1E27CE-3722-4E7E-BD32-383AA51410B0}.Debug|Any CPU.Build.0 = Debug|Any CPU
		{2B1E27CE-3722-4E7E-BD32-383AA51410B0}.Release|Any CPU.ActiveCfg = Release|Any CPU
		{2B1E27CE-3722-4E7E-BD32-383AA51410B0}.Release|Any CPU.Build.0 = Release|Any CPU
	EndGlobalSection
	GlobalSection(SolutionProperties) = preSolution
		HideSolutionNode = FALSE
	EndGlobalSection
	GlobalSection(ExtensibilityGlobals) = postSolution
		SolutionGuid = {BFFC2F14-2408-42F7-A8BF-C0BA9D409F93}
	EndGlobalSection
EndGlobal
